
Microsoft Visual Studio Solution File, Format Version 12.00
# Visual Studio 15
VisualStudioVersion = 15.0.28010.2016
MinimumVisualStudioVersion = 10.0.40219.1
Project("{FAE04EC0-301F-11D3-BF4B-00C04F79EFBC}") = "DigSign", "DigSign\DigSign.csproj", "{0CAFB88E-577A-4301-80BC-260D78AF39EB}"
EndProject
Global
	GlobalSection(SolutionConfigurationPlatforms) = preSolution
		Debug|Any CPU = Debug|Any CPU
		Release|Any CPU = Release|Any CPU
	EndGlobalSection
	GlobalSection(ProjectConfigurationPlatforms) = postSolution
		{0CAFB88E-577A-4301-80BC-260D78AF39EB}.Debug|Any CPU.ActiveCfg = Debug|Any CPU
		{0CAFB88E-577A-4301-80BC-260D78AF39EB}.Debug|Any CPU.Build.0 = Debug|Any CPU
		{0CAFB88E-577A-4301-80BC-260D78AF39EB}.Release|Any CPU.ActiveCfg = Release|Any CPU
		{0CAFB88E-577A-4301-80BC-260D78AF39EB}.Release|Any CPU.Build.0 = Release|Any CPU
	EndGlobalSection
	GlobalSection(SolutionProperties) = preSolution
		HideSolutionNode = FALSE
	EndGlobalSection
	GlobalSection(ExtensibilityGlobals) = postSolution
		SolutionGuid = {C3D31D47-F0F3-4EAF-896F-632870747E57}
	EndGlobalSection
EndGlobal
